
Microsoft Visual Studio Solution File, Format Version 12.00
# Visual Studio Version 17
VisualStudioVersion = 17.9.34723.18
MinimumVisualStudioVersion = 10.0.40219.1
Project("{FAE04EC0-301F-11D3-BF4B-00C04F79EFBC}") = "part 2", "part 2.csproj", "{850BD556-C5BF-46DC-9577-8020270C147D}"
EndProject
Global
	GlobalSection(SolutionConfigurationPlatforms) = preSolution
		Debug|Any CPU = Debug|Any CPU
		Release|Any CPU = Release|Any CPU
	EndGlobalSection
	GlobalSection(ProjectConfigurationPlatforms) = postSolution
		{850BD556-C5BF-46DC-9577-8020270C147D}.Debug|Any CPU.ActiveCfg = Debug|Any CPU
		{850BD556-C5BF-46DC-9577-8020270C147D}.Debug|Any CPU.Build.0 = Debug|Any CPU
		{850BD556-C5BF-46DC-9577-8020270C147D}.Release|Any CPU.ActiveCfg = Release|Any CPU
		{850BD556-C5BF-46DC-9577-8020270C147D}.Release|Any CPU.Build.0 = Release|Any CPU
	EndGlobalSection
	GlobalSection(SolutionProperties) = preSolution
		HideSolutionNode = FALSE
	EndGlobalSection
	GlobalSection(ExtensibilityGlobals) = postSolution
		SolutionGuid = {A173E214-C9CC-48AA-9BCC-1112F3CD2786}
	EndGlobalSection
EndGlobal
